
Microsoft Visual Studio Solution File, Format Version 12.00
# Visual Studio 2013
VisualStudioVersion = 12.0.21005.1
MinimumVisualStudioVersion = 10.0.40219.1
Project("{FAE04EC0-301F-11D3-BF4B-00C04F79EFBC}") = "CS6920Group4Project", "CS6920Group4Project\CS6920Group4Project.csproj", "{D551C542-A740-4B59-A422-53D1BE1BAE97}"
EndProject
Project("{FAE04EC0-301F-11D3-BF4B-00C04F79EFBC}") = "CS6920Group4ProjectTests", "CS6920Group4ProjectTests\CS6920Group4ProjectTests.csproj", "{B88D98E8-C709-4B37-B750-FB6F62131BF6}"
EndProject
Global
	GlobalSection(SolutionConfigurationPlatforms) = preSolution
		Debug|Any CPU = Debug|Any CPU
		Release|Any CPU = Release|Any CPU
	EndGlobalSection
	GlobalSection(ProjectConfigurationPlatforms) = postSolution
		{D551C542-A740-4B59-A422-53D1BE1BAE97}.Debug|Any CPU.ActiveCfg = Debug|Any CPU
		{D551C542-A740-4B59-A422-53D1BE1BAE97}.Debug|Any CPU.Build.0 = Debug|Any CPU
		{D551C542-A740-4B59-A422-53D1BE1BAE97}.Release|Any CPU.ActiveCfg = Release|Any CPU
		{D551C542-A740-4B59-A422-53D1BE1BAE97}.Release|Any CPU.Build.0 = Release|Any CPU
		{B88D98E8-C709-4B37-B750-FB6F62131BF6}.Debug|Any CPU.ActiveCfg = Debug|Any CPU
		{B88D98E8-C709-4B37-B750-FB6F62131BF6}.Debug|Any CPU.Build.0 = Debug|Any CPU
		{B88D98E8-C709-4B37-B750-FB6F62131BF6}.Release|Any CPU.ActiveCfg = Release|Any CPU
		{B88D98E8-C709-4B37-B750-FB6F62131BF6}.Release|Any CPU.Build.0 = Release|Any CPU
	EndGlobalSection
	GlobalSection(SolutionProperties) = preSolution
		HideSolutionNode = FALSE
	EndGlobalSection
EndGlobal
